
Microsoft Visual Studio Solution File, Format Version 12.00
# Visual Studio Version 17
VisualStudioVersion = 17.9.34701.34
MinimumVisualStudioVersion = 10.0.40219.1
Project("{778DAE3C-4631-46EA-AA77-85C1314464D9}") = "DBConnection", "DBConnection\DBConnection.vbproj", "{2D566E6F-BFBC-482E-8578-EC5AE3F14146}"
EndProject
Project("{F184B08F-C81C-45F6-A57F-5ABD9991F28F}") = "DB", "..\..\Bibliotheken\Basis\DB\DB.vbproj", "{15C4DDF0-F001-4A96-86C6-31EE044509EA}"
EndProject
Project("{F184B08F-C81C-45F6-A57F-5ABD9991F28F}") = "Georg", "..\..\Bibliotheken\Basis\Georg\Georg.vbproj", "{A92DF477-F3EB-484D-BD50-3114EE986114}"
EndProject
Project("{F184B08F-C81C-45F6-A57F-5ABD9991F28F}") = "Tools", "..\..\Bibliotheken\Basis\Tools\Tools.vbproj", "{357278AC-F77F-432B-89FE-ACB076747AB8}"
EndProject
Project("{FAE04EC0-301F-11D3-BF4B-00C04F79EFBC}") = "SDO", "..\..\Bibliotheken\Basis\SDO\SDO.csproj", "{0480FE52-D075-4FEB-AF8F-3EC71874EBF3}"
EndProject
Project("{F184B08F-C81C-45F6-A57F-5ABD9991F28F}") = "FLPExcel", "..\..\Bibliotheken\Basis\FLPExcel\FLPExcel.vbproj", "{ABD64D40-AE77-40B2-9DC1-071796785B58}"
EndProject
Global
	GlobalSection(SolutionConfigurationPlatforms) = preSolution
		Debug|Any CPU = Debug|Any CPU
		Release_DBE|Any CPU = Release_DBE|Any CPU
		Release|Any CPU = Release|Any CPU
	EndGlobalSection
	GlobalSection(ProjectConfigurationPlatforms) = postSolution
		{2D566E6F-BFBC-482E-8578-EC5AE3F14146}.Debug|Any CPU.ActiveCfg = Debug|Any CPU
		{2D566E6F-BFBC-482E-8578-EC5AE3F14146}.Debug|Any CPU.Build.0 = Debug|Any CPU
		{2D566E6F-BFBC-482E-8578-EC5AE3F14146}.Release_DBE|Any CPU.ActiveCfg = Release|Any CPU
		{2D566E6F-BFBC-482E-8578-EC5AE3F14146}.Release_DBE|Any CPU.Build.0 = Release|Any CPU
		{2D566E6F-BFBC-482E-8578-EC5AE3F14146}.Release|Any CPU.ActiveCfg = Release|Any CPU
		{2D566E6F-BFBC-482E-8578-EC5AE3F14146}.Release|Any CPU.Build.0 = Release|Any CPU
		{15C4DDF0-F001-4A96-86C6-31EE044509EA}.Debug|Any CPU.ActiveCfg = Debug|Any CPU
		{15C4DDF0-F001-4A96-86C6-31EE044509EA}.Debug|Any CPU.Build.0 = Debug|Any CPU
		{15C4DDF0-F001-4A96-86C6-31EE044509EA}.Release_DBE|Any CPU.ActiveCfg = Release_DBE|Any CPU
		{15C4DDF0-F001-4A96-86C6-31EE044509EA}.Release_DBE|Any CPU.Build.0 = Release_DBE|Any CPU
		{15C4DDF0-F001-4A96-86C6-31EE044509EA}.Release|Any CPU.ActiveCfg = Release|Any CPU
		{15C4DDF0-F001-4A96-86C6-31EE044509EA}.Release|Any CPU.Build.0 = Release|Any CPU
		{A92DF477-F3EB-484D-BD50-3114EE986114}.Debug|Any CPU.ActiveCfg = Debug|Any CPU
		{A92DF477-F3EB-484D-BD50-3114EE986114}.Debug|Any CPU.Build.0 = Debug|Any CPU
		{A92DF477-F3EB-484D-BD50-3114EE986114}.Release_DBE|Any CPU.ActiveCfg = Release_DBE|Any CPU
		{A92DF477-F3EB-484D-BD50-3114EE986114}.Release_DBE|Any CPU.Build.0 = Release_DBE|Any CPU
		{A92DF477-F3EB-484D-BD50-3114EE986114}.Release|Any CPU.ActiveCfg = Release|Any CPU
		{A92DF477-F3EB-484D-BD50-3114EE986114}.Release|Any CPU.Build.0 = Release|Any CPU
		{357278AC-F77F-432B-89FE-ACB076747AB8}.Debug|Any CPU.ActiveCfg = Debug|Any CPU
		{357278AC-F77F-432B-89FE-ACB076747AB8}.Debug|Any CPU.Build.0 = Debug|Any CPU
		{357278AC-F77F-432B-89FE-ACB076747AB8}.Release_DBE|Any CPU.ActiveCfg = Release_DBE|Any CPU
		{357278AC-F77F-432B-89FE-ACB076747AB8}.Release_DBE|Any CPU.Build.0 = Release_DBE|Any CPU
		{357278AC-F77F-432B-89FE-ACB076747AB8}.Release|Any CPU.ActiveCfg = Release|Any CPU
		{357278AC-F77F-432B-89FE-ACB076747AB8}.Release|Any CPU.Build.0 = Release|Any CPU
		{0480FE52-D075-4FEB-AF8F-3EC71874EBF3}.Debug|Any CPU.ActiveCfg = Debug|Any CPU
		{0480FE52-D075-4FEB-AF8F-3EC71874EBF3}.Debug|Any CPU.Build.0 = Debug|Any CPU
		{0480FE52-D075-4FEB-AF8F-3EC71874EBF3}.Release_DBE|Any CPU.ActiveCfg = Release_DBE|Any CPU
		{0480FE52-D075-4FEB-AF8F-3EC71874EBF3}.Release_DBE|Any CPU.Build.0 = Release_DBE|Any CPU
		{0480FE52-D075-4FEB-AF8F-3EC71874EBF3}.Release|Any CPU.ActiveCfg = Release|Any CPU
		{0480FE52-D075-4FEB-AF8F-3EC71874EBF3}.Release|Any CPU.Build.0 = Release|Any CPU
		{ABD64D40-AE77-40B2-9DC1-071796785B58}.Debug|Any CPU.ActiveCfg = Debug|Any CPU
		{ABD64D40-AE77-40B2-9DC1-071796785B58}.Debug|Any CPU.Build.0 = Debug|Any CPU
		{ABD64D40-AE77-40B2-9DC1-071796785B58}.Release_DBE|Any CPU.ActiveCfg = Release|Any CPU
		{ABD64D40-AE77-40B2-9DC1-071796785B58}.Release_DBE|Any CPU.Build.0 = Release|Any CPU
		{ABD64D40-AE77-40B2-9DC1-071796785B58}.Release|Any CPU.ActiveCfg = Release|Any CPU
		{ABD64D40-AE77-40B2-9DC1-071796785B58}.Release|Any CPU.Build.0 = Release|Any CPU
	EndGlobalSection
	GlobalSection(SolutionProperties) = preSolution
		HideSolutionNode = FALSE
	EndGlobalSection
	GlobalSection(ExtensibilityGlobals) = postSolution
		SolutionGuid = {D5141E70-F3E1-4ACF-9F49-A994CB689D52}
	EndGlobalSection
EndGlobal
